
Microsoft Visual Studio Solution File, Format Version 12.00
# Visual Studio Version 16
VisualStudioVersion = 16.0.29411.108
MinimumVisualStudioVersion = 10.0.40219.1
Project("{FAE04EC0-301F-11D3-BF4B-00C04F79EFBC}") = "SIVEALLI", "SIVEALLI\SIVEALLI.csproj", "{4DA0378B-5398-457D-9480-5A1C3726E774}"
EndProject
Project("{FAE04EC0-301F-11D3-BF4B-00C04F79EFBC}") = "BibClases", "BibClases\BibClases.csproj", "{E77794AB-09D3-4183-A746-FCB5D826AEFC}"
EndProject
Global
	GlobalSection(SolutionConfigurationPlatforms) = preSolution
		Debug|Any CPU = Debug|Any CPU
		Release|Any CPU = Release|Any CPU
	EndGlobalSection
	GlobalSection(ProjectConfigurationPlatforms) = postSolution
		{4DA0378B-5398-457D-9480-5A1C3726E774}.Debug|Any CPU.ActiveCfg = Debug|Any CPU
		{4DA0378B-5398-457D-9480-5A1C3726E774}.Debug|Any CPU.Build.0 = Debug|Any CPU
		{4DA0378B-5398-457D-9480-5A1C3726E774}.Release|Any CPU.ActiveCfg = Release|Any CPU
		{4DA0378B-5398-457D-9480-5A1C3726E774}.Release|Any CPU.Build.0 = Release|Any CPU
		{E77794AB-09D3-4183-A746-FCB5D826AEFC}.Debug|Any CPU.ActiveCfg = Debug|Any CPU
		{E77794AB-09D3-4183-A746-FCB5D826AEFC}.Debug|Any CPU.Build.0 = Debug|Any CPU
		{E77794AB-09D3-4183-A746-FCB5D826AEFC}.Release|Any CPU.ActiveCfg = Release|Any CPU
		{E77794AB-09D3-4183-A746-FCB5D826AEFC}.Release|Any CPU.Build.0 = Release|Any CPU
	EndGlobalSection
	GlobalSection(SolutionProperties) = preSolution
		HideSolutionNode = FALSE
	EndGlobalSection
	GlobalSection(ExtensibilityGlobals) = postSolution
		SolutionGuid = {CD1FD80D-1472-4C93-9964-BD416A4A7508}
	EndGlobalSection
EndGlobal
